// !$*UTF8*$!
{
	archiveVersion = 1;
	classes = {
	};
	objectVersion = 46;
	objects = {

/* Begin PBXBuildFile section */
		3AAC9BFD1CE739BD0066FFB3 /* AppDelegate.swift in Sources */ = {isa = PBXBuildFile; fileRef = 3AAC9BFC1CE739BD0066FFB3 /* AppDelegate.swift */; };
		3AAC9C021CE739BD0066FFB3 /* Main.storyboard in Resources */ = {isa = PBXBuildFile; fileRef = 3AAC9C001CE739BD0066FFB3 /* Main.storyboard */; };
		3AAC9C041CE739BD0066FFB3 /* Assets.xcassets in Resources */ = {isa = PBXBuildFile; fileRef = 3AAC9C031CE739BD0066FFB3 /* Assets.xcassets */; };
		3AAC9C071CE739BD0066FFB3 /* LaunchScreen.storyboard in Resources */ = {isa = PBXBuildFile; fileRef = 3AAC9C051CE739BD0066FFB3 /* LaunchScreen.storyboard */; };
		3AAC9C121CE739BD0066FFB3 /* HW11UITests.swift in Sources */ = {isa = PBXBuildFile; fileRef = 3AAC9C111CE739BD0066FFB3 /* HW11UITests.swift */; };
		3AAC9C1D1CE7406A0066FFB3 /* ListViewController.swift in Sources */ = {isa = PBXBuildFile; fileRef = 3AAC9C1C1CE7406A0066FFB3 /* ListViewController.swift */; };
		3AAC9C1F1CE7408C0066FFB3 /* RecordTableViewController.swift in Sources */ = {isa = PBXBuildFile; fileRef = 3AAC9C1E1CE7408C0066FFB3 /* RecordTableViewController.swift */; };
		3AAC9C211CE741010066FFB3 /* EditRecordViewController.swift in Sources */ = {isa = PBXBuildFile; fileRef = 3AAC9C201CE741010066FFB3 /* EditRecordViewController.swift */; };
		3AAC9C231CE78EB00066FFB3 /* DetailViewController.swift in Sources */ = {isa = PBXBuildFile; fileRef = 3AAC9C221CE78EB00066FFB3 /* DetailViewController.swift */; };
/* End PBXBuildFile section */

/* Begin PBXContainerItemProxy section */
		3AAC9C0E1CE739BD0066FFB3 /* PBXContainerItemProxy */ = {
			isa = PBXContainerItemProxy;
			containerPortal = 3AAC9BF11CE739BD0066FFB3 /* Project object */;
			proxyType = 1;
			remoteGlobalIDString = 3AAC9BF81CE739BD0066FFB3;
			remoteInfo = HW11;
		};
/* End PBXContainerItemProxy section */

/* Begin PBXFileReference section */
		3AAC9BF91CE739BD0066FFB3 /* HW11.app */ = {isa = PBXFileReference; explicitFileType = wrapper.application; includeInIndex = 0; path = HW11.app; sourceTree = BUILT_PRODUCTS_DIR; };
		3AAC9BFC1CE739BD0066FFB3 /* AppDelegate.swift */ = {isa = PBXFileReference; lastKnownFileType = sourcecode.swift; path = AppDelegate.swift; sourceTree = "<group>"; };
		3AAC9C011CE739BD0066FFB3 /* Base */ = {isa = PBXFileReference; lastKnownFileType = file.storyboard; name = Base; path = Base.lproj/Main.storyboard; sourceTree = "<group>"; };
		3AAC9C031CE739BD0066FFB3 /* Assets.xcassets */ = {isa = PBXFileReference; lastKnownFileType = folder.assetcatalog; path = Assets.xcassets; sourceTree = "<group>"; };
		3AAC9C061CE739BD0066FFB3 /* Base */ = {isa = PBXFileReference; lastKnownFileType = file.storyboard; name = Base; path = Base.lproj/LaunchScreen.storyboard; sourceTree = "<group>"; };
		3AAC9C081CE739BD0066FFB3 /* Info.plist */ = {isa = PBXFileReference; lastKnownFileType = text.plist.xml; path = Info.plist; sourceTree = "<group>"; };
		3AAC9C0D1CE739BD0066FFB3 /* HW11UITests.xctest */ = {isa = PBXFileReference; explicitFileType = wrapper.cfbundle; includeInIndex = 0; path = HW11UITests.xctest; sourceTree = BUILT_PRODUCTS_DIR; };
		3AAC9C111CE739BD0066FFB3 /* HW11UITests.swift */ = {isa = PBXFileReference; lastKnownFileType = sourcecode.swift; path = HW11UITests.swift; sourceTree = "<group>"; };
		3AAC9C131CE739BD0066FFB3 /* Info.plist */ = {isa = PBXFileReference; lastKnownFileType = text.plist.xml; path = Info.plist; sourceTree = "<group>"; };
		3AAC9C1C1CE7406A0066FFB3 /* ListViewController.swift */ = {isa = PBXFileReference; fileEncoding = 4; lastKnownFileType = sourcecode.swift; path = ListViewController.swift; sourceTree = "<group>"; };
		3AAC9C1E1CE7408C0066FFB3 /* RecordTableViewController.swift */ = {isa = PBXFileReference; fileEncoding = 4; lastKnownFileType = sourcecode.swift; path = RecordTableViewController.swift; sourceTree = "<group>"; };
		3AAC9C201CE741010066FFB3 /* EditRecordViewController.swift */ = {isa = PBXFileReference; fileEncoding = 4; lastKnownFileType = sourcecode.swift; path = EditRecordViewController.swift; sourceTree = "<group>"; };
		3AAC9C221CE78EB00066FFB3 /* DetailViewController.swift */ = {isa = PBXFileReference; fileEncoding = 4; lastKnownFileType = sourcecode.swift; path = DetailViewController.swift; sourceTree = "<group>"; };
/* End PBXFileReference section */

/* Begin PBXFrameworksBuildPhase section */
		3AAC9BF61CE739BD0066FFB3 /* Frameworks */ = {
			isa = PBXFrameworksBuildPhase;
			buildActionMask = 2147483647;
			files = (
			);
			runOnlyForDeploymentPostprocessing = 0;
		};
		3AAC9C0A1CE739BD0066FFB3 /* Frameworks */ = {
			isa = PBXFrameworksBuildPhase;
			buildActionMask = 2147483647;
			files = (
			);
			runOnlyForDeploymentPostprocessing = 0;
		};
/* End PBXFrameworksBuildPhase section */

/* Begin PBXGroup section */
		3AAC9BF01CE739BD0066FFB3 = {
			isa = PBXGroup;
			children = (
				3AAC9BFB1CE739BD0066FFB3 /* HW11 */,
				3AAC9C101CE739BD0066FFB3 /* HW11UITests */,
				3AAC9BFA1CE739BD0066FFB3 /* Products */,
			);
			sourceTree = "<group>";
		};
		3AAC9BFA1CE739BD0066FFB3 /* Products */ = {
			isa = PBXGroup;
			children = (
				3AAC9BF91CE739BD0066FFB3 /* HW11.app */,
				3AAC9C0D1CE739BD0066FFB3 /* HW11UITests.xctest */,
			);
			name = Products;
			sourceTree = "<group>";
		};
		3AAC9BFB1CE739BD0066FFB3 /* HW11 */ = {
			isa = PBXGroup;
			children = (
				3AAC9BFC1CE739BD0066FFB3 /* AppDelegate.swift */,
				3AAC9C1C1CE7406A0066FFB3 /* ListViewController.swift */,
				3AAC9C1E1CE7408C0066FFB3 /* RecordTableViewController.swift */,
				3AAC9C201CE741010066FFB3 /* EditRecordViewController.swift */,
				3AAC9C221CE78EB00066FFB3 /* DetailViewController.swift */,
				3AAC9C001CE739BD0066FFB3 /* Main.storyboard */,
				3AAC9C031CE739BD0066FFB3 /* Assets.xcassets */,
				3AAC9C051CE739BD0066FFB3 /* LaunchScreen.storyboard */,
				3AAC9C081CE739BD0066FFB3 /* Info.plist */,
			);
			path = HW11;
			sourceTree = "<group>";
		};
		3AAC9C101CE739BD0066FFB3 /* HW11UITests */ = {
			isa = PBXGroup;
			children = (
				3AAC9C111CE739BD0066FFB3 /* HW11UITests.swift */,
				3AAC9C131CE739BD0066FFB3 /* Info.plist */,
			);
			path = HW11UITests;
			sourceTree = "<group>";
		};
/* End PBXGroup section */

/* Begin PBXNativeTarget section */
		3AAC9BF81CE739BD0066FFB3 /* HW11 */ = {
			isa = PBXNativeTarget;
			buildConfigurationList = 3AAC9C161CE739BD0066FFB3 /* Build configuration list for PBXNativeTarget "HW11" */;
			buildPhases = (
				3AAC9BF51CE739BD0066FFB3 /* Sources */,
				3AAC9BF61CE739BD0066FFB3 /* Frameworks */,
				3AAC9BF71CE739BD0066FFB3 /* Resources */,
			);
			buildRules = (
			);
			dependencies = (
			);
			name = HW11;
			productName = HW11;
			productReference = 3AAC9BF91CE739BD0066FFB3 /* HW11.app */;
			productType = "com.apple.product-type.application";
		};
		3AAC9C0C1CE739BD0066FFB3 /* HW11UITests */ = {
			isa = PBXNativeTarget;
			buildConfigurationList = 3AAC9C191CE739BD0066FFB3 /* Build configuration list for PBXNativeTarget "HW11UITests" */;
			buildPhases = (
				3AAC9C091CE739BD0066FFB3 /* Sources */,
				3AAC9C0A1CE739BD0066FFB3 /* Frameworks */,
				3AAC9C0B1CE739BD0066FFB3 /* Resources */,
			);
			buildRules = (
			);
			dependencies = (
				3AAC9C0F1CE739BD0066FFB3 /* PBXTargetDependency */,
			);
			name = HW11UITests;
			productName = HW11UITests;
			productReference = 3AAC9C0D1CE739BD0066FFB3 /* HW11UITests.xctest */;
			productType = "com.apple.product-type.bundle.ui-testing";
		};
/* End PBXNativeTarget section */

/* Begin PBXProject section */
		3AAC9BF11CE739BD0066FFB3 /* Project object */ = {
			isa = PBXProject;
			attributes = {
				LastSwiftUpdateCheck = 0730;
				LastUpgradeCheck = 0730;
				ORGANIZATIONNAME = galileo.jack;
				TargetAttributes = {
					3AAC9BF81CE739BD0066FFB3 = {
						CreatedOnToolsVersion = 7.3;
					};
					3AAC9C0C1CE739BD0066FFB3 = {
						CreatedOnToolsVersion = 7.3;
						TestTargetID = 3AAC9BF81CE739BD0066FFB3;
					};
				};
			};
			buildConfigurationList = 3AAC9BF41CE739BD0066FFB3 /* Build configuration list for PBXProject "HW11" */;
			compatibilityVersion = "Xcode 3.2";
			developmentRegion = English;
			hasScannedForEncodings = 0;
			knownRegions = (
				en,
				Base,
			);
			mainGroup = 3AAC9BF01CE739BD0066FFB3;
			productRefGroup = 3AAC9BFA1CE739BD0066FFB3 /* Products */;
			projectDirPath = "";
			projectRoot = "";
			targets = (
				3AAC9BF81CE739BD0066FFB3 /* HW11 */,
				3AAC9C0C1CE739BD0066FFB3 /* HW11UITests */,
			);
		};
/* End PBXProject section */

/* Begin PBXResourcesBuildPhase section */
		3AAC9BF71CE739BD0066FFB3 /* Resources */ = {
			isa = PBXResourcesBuildPhase;
			buildActionMask = 2147483647;
			files = (
				3AAC9C071CE739BD0066FFB3 /* LaunchScreen.storyboard in Resources */,
				3AAC9C041CE739BD0066FFB3 /* Assets.xcassets in Resources */,
				3AAC9C021CE739BD0066FFB3 /* Main.storyboard in Resources */,
			);
			runOnlyForDeploymentPostprocessing = 0;
		};
		3AAC9C0B1CE739BD0066FFB3 /* Resources */ = {
			isa = PBXResourcesBuildPhase;
			buildActionMask = 2147483647;
			files = (
			);
			runOnlyForDeploymentPostprocessing = 0;
		};
/* End PBXResourcesBuildPhase section */

/* Begin PBXSourcesBuildPhase section */
		3AAC9BF51CE739BD0066FFB3 /* Sources */ = {
			isa = PBXSourcesBuildPhase;
			buildActionMask = 2147483647;
			files = (
				3AAC9C1D1CE7406A0066FFB3 /* ListViewController.swift in Sources */,
				3AAC9C211CE741010066FFB3 /* EditRecordViewController.swift in Sources */,
				3AAC9C231CE78EB00066FFB3 /* DetailViewController.swift in Sources */,
				3AAC9C1F1CE7408C0066FFB3 /* RecordTableViewController.swift in Sources */,
				3AAC9BFD1CE739BD0066FFB3 /* AppDelegate.swift in Sources */,
			);
			runOnlyForDeploymentPostprocessing = 0;
		};
		3AAC9C091CE739BD0066FFB3 /* Sources */ = {
			isa = PBXSourcesBuildPhase;
			buildActionMask = 2147483647;
			files = (
				3AAC9C121CE739BD0066FFB3 /* HW11UITests.swift in Sources */,
			);
			runOnlyForDeploymentPostprocessing = 0;
		};
/* End PBXSourcesBuildPhase section */

/* Begin PBXTargetDependency section */
		3AAC9C0F1CE739BD0066FFB3 /* PBXTargetDependency */ = {
			isa = PBXTargetDependency;
			target = 3AAC9BF81CE739BD0066FFB3 /* HW11 */;
			targetProxy = 3AAC9C0E1CE739BD0066FFB3 /* PBXContainerItemProxy */;
		};
/* End PBXTargetDependency section */

/* Begin PBXVariantGroup section */
		3AAC9C001CE739BD0066FFB3 /* Main.storyboard */ = {
			isa = PBXVariantGroup;
			children = (
				3AAC9C011CE739BD0066FFB3 /* Base */,
			);
			name = Main.storyboard;
			sourceTree = "<group>";
		};
		3AAC9C051CE739BD0066FFB3 /* LaunchScreen.storyboard */ = {
			isa = PBXVariantGroup;
			children = (
				3AAC9C061CE739BD0066FFB3 /* Base */,
			);
			name = LaunchScreen.storyboard;
			sourceTree = "<group>";
		};
/* End PBXVariantGroup section */

/* Begin XCBuildConfiguration section */
		3AAC9C141CE739BD0066FFB3 /* Debug */ = {
			isa = XCBuildConfiguration;
			buildSettings = {
				ALWAYS_SEARCH_USER_PATHS = NO;
				CLANG_ANALYZER_NONNULL = YES;
				CLANG_CXX_LANGUAGE_STANDARD = "gnu++0x";
				CLANG_CXX_LIBRARY = "libc++";
				CLANG_ENABLE_MODULES = YES;
				CLANG_ENABLE_OBJC_ARC = YES;
				CLANG_WARN_BOOL_CONVERSION = YES;
				CLANG_WARN_CONSTANT_CONVERSION = YES;
				CLANG_WARN_DIRECT_OBJC_ISA_USAGE = YES_ERROR;
				CLANG_WARN_EMPTY_BODY = YES;
				CLANG_WARN_ENUM_CONVERSION = YES;
				CLANG_WARN_INT_CONVERSION = YES;
				CLANG_WARN_OBJC_ROOT_CLASS = YES_ERROR;
				CLANG_WARN_UNREACHABLE_CODE = YES;
				CLANG_WARN__DUPLICATE_METHOD_MATCH = YES;
				"CODE_SIGN_IDENTITY[sdk=iphoneos*]" = "iPhone Developer";
				COPY_PHASE_STRIP = NO;
				DEBUG_INFORMATION_FORMAT = dwarf;
				ENABLE_STRICT_OBJC_MSGSEND = YES;
				ENABLE_TESTABILITY = YES;
				GCC_C_LANGUAGE_STANDARD = gnu99;
				GCC_DYNAMIC_NO_PIC = NO;
				GCC_NO_COMMON_BLOCKS = YES;
				GCC_OPTIMIZATION_LEVEL = 0;
				GCC_PREPROCESSOR_DEFINITIONS = (
					"DEBUG=1",
					"$(inherited)",
				);
				GCC_WARN_64_TO_32_BIT_CONVERSION = YES;
				GCC_WARN_ABOUT_RETURN_TYPE = YES_ERROR;
				GCC_WARN_UNDECLARED_SELECTOR = YES;
				GCC_WARN_UNINITIALIZED_AUTOS = YES_AGGRESSIVE;
				GCC_WARN_UNUSED_FUNCTION = YES;
				GCC_WARN_UNUSED_VARIABLE = YES;
				IPHONEOS_DEPLOYMENT_TARGET = 9.3;
				MTL_ENABLE_DEBUG_INFO = YES;
				ONLY_ACTIVE_ARCH = YES;
				SDKROOT = iphoneos;
				SWIFT_OPTIMIZATION_LEVEL = "-Onone";
				TARGETED_DEVICE_FAMILY = "1,2";
			};
			name = Debug;
		};
		3AAC9C151CE739BD0066FFB3 /* Release */ = {
			isa = XCBuildConfiguration;
			buildSettings = {
				ALWAYS_SEARCH_USER_PATHS = NO;
				CLANG_ANALYZER_NONNULL = YES;
				CLANG_CXX_LANGUAGE_STANDARD = "gnu++0x";
				CLANG_CXX_LIBRARY = "libc++";
				CLANG_ENABLE_MODULES = YES;
				CLANG_ENABLE_OBJC_ARC = YES;
				CLANG_WARN_BOOL_CONVERSION = YES;
				CLANG_WARN_CONSTANT_CONVERSION = YES;
				CLANG_WARN_DIRECT_OBJC_ISA_USAGE = YES_ERROR;
				CLANG_WARN_EMPTY_BODY = YES;
				CLANG_WARN_ENUM_CONVERSION = YES;
				CLANG_WARN_INT_CONVERSION = YES;
				CLANG_WARN_OBJC_ROOT_CLASS = YES_ERROR;
				CLANG_WARN_UNREACHABLE_CODE = YES;
				CLANG_WARN__DUPLICATE_METHOD_MATCH = YES;
				"CODE_SIGN_IDENTITY[sdk=iphoneos*]" = "iPhone Developer";
				COPY_PHASE_STRIP = NO;
				DEBUG_INFORMATION_FORMAT = "dwarf-with-dsym";
				ENABLE_NS_ASSERTIONS = NO;
				ENABLE_STRICT_OBJC_MSGSEND = YES;
				GCC_C_LANGUAGE_STANDARD = gnu99;
				GCC_NO_COMMON_BLOCKS = YES;
				GCC_WARN_64_TO_32_BIT_CONVERSION = YES;
				GCC_WARN_ABOUT_RETURN_TYPE = YES_ERROR;
				GCC_WARN_UNDECLARED_SELECTOR = YES;
				GCC_WARN_UNINITIALIZED_AUTOS = YES_AGGRESSIVE;
				GCC_WARN_UNUSED_FUNCTION = YES;
				GCC_WARN_UNUSED_VARIABLE = YES;
				IPHONEOS_DEPLOYMENT_TARGET = 9.3;
				MTL_ENABLE_DEBUG_INFO = NO;
				SDKROOT = iphoneos;
				TARGETED_DEVICE_FAMILY = "1,2";
				VALIDATE_PRODUCT = YES;
			};
			name = Release;
		};
		3AAC9C171CE739BD0066FFB3 /* Debug */ = {
			isa = XCBuildConfiguration;
			buildSettings = {
				ASSETCATALOG_COMPILER_APPICON_NAME = AppIcon;
				INFOPLIST_FILE = HW11/Info.plist;
				LD_RUNPATH_SEARCH_PATHS = "$(inherited) @executable_path/Frameworks";
				PRODUCT_BUNDLE_IDENTIFIER = galileo.jack.soho.HW11;
				PRODUCT_NAME = "$(TARGET_NAME)";
			};
			name = Debug;
		};
		3AAC9C181CE739BD0066FFB3 /* Release */ = {
			isa = XCBuildConfiguration;
			buildSettings = {
				ASSETCATALOG_COMPILER_APPICON_NAME = AppIcon;
				INFOPLIST_FILE = HW11/Info.plist;
				LD_RUNPATH_SEARCH_PATHS = "$(inherited) @executable_path/Frameworks";
				PRODUCT_BUNDLE_IDENTIFIER = galileo.jack.soho.HW11;
				PRODUCT_NAME = "$(TARGET_NAME)";
			};
			name = Release;
		};
		3AAC9C1A1CE739BD0066FFB3 /* Debug */ = {
			isa = XCBuildConfiguration;
			buildSettings = {
				INFOPLIST_FILE = HW11UITests/Info.plist;
				LD_RUNPATH_SEARCH_PATHS = "$(inherited) @executable_path/Frameworks @loader_path/Frameworks";
				PRODUCT_BUNDLE_IDENTIFIER = galileo.jack.soho.HW11UITests;
				PRODUCT_NAME = "$(TARGET_NAME)";
				TEST_TARGET_NAME = HW11;
			};
			name = Debug;
		};
		3AAC9C1B1CE739BD0066FFB3 /* Release */ = {
			isa = XCBuildConfiguration;
			buildSettings = {
				INFOPLIST_FILE = HW11UITests/Info.plist;
				LD_RUNPATH_SEARCH_PATHS = "$(inherited) @executable_path/Frameworks @loader_path/Frameworks";
				PRODUCT_BUNDLE_IDENTIFIER = galileo.jack.soho.HW11UITests;
				PRODUCT_NAME = "$(TARGET_NAME)";
				TEST_TARGET_NAME = HW11;
			};
			name = Release;
		};
/* End XCBuildConfiguration section */

/* Begin XCConfigurationList section */
		3AAC9BF41CE739BD0066FFB3 /* Build configuration list for PBXProject "HW11" */ = {
			isa = XCConfigurationList;
			buildConfigurations = (
				3AAC9C141CE739BD0066FFB3 /* Debug */,
				3AAC9C151CE739BD0066FFB3 /* Release */,
			);
			defaultConfigurationIsVisible = 0;
			defaultConfigurationName = Release;
		};
		3AAC9C161CE739BD0066FFB3 /* Build configuration list for PBXNativeTarget "HW11" */ = {
			isa = XCConfigurationList;
			buildConfigurations = (
				3AAC9C171CE739BD0066FFB3 /* Debug */,
				3AAC9C181CE739BD0066FFB3 /* Release */,
			);
			defaultConfigurationIsVisible = 0;
		};
		3AAC9C191CE739BD0066FFB3 /* Build configuration list for PBXNativeTarget "HW11UITests" */ = {
			isa = XCConfigurationList;
			buildConfigurations = (
				3AAC9C1A1CE739BD0066FFB3 /* Debug */,
				3AAC9C1B1CE739BD0066FFB3 /* Release */,
			);
			defaultConfigurationIsVisible = 0;
		};
/* End XCConfigurationList section */
	};
	rootObject = 3AAC9BF11CE739BD0066FFB3 /* Project object */;
}
